
Microsoft Visual Studio Solution File, Format Version 12.00
# Visual Studio Version 17
VisualStudioVersion = 17.14.36717.8 d17.14
MinimumVisualStudioVersion = 10.0.40219.1
Project("{FAE04EC0-301F-11D3-BF4B-00C04F79EFBC}") = "Project_Sıfrelı_Verıler", "Project_Sıfrelı_Verıler\Project_Sıfrelı_Verıler.csproj", "{480BC911-B8B0-4FBB-B97C-CCF9242AE065}"
EndProject
Global
	GlobalSection(SolutionConfigurationPlatforms) = preSolution
		Debug|Any CPU = Debug|Any CPU
		Release|Any CPU = Release|Any CPU
	EndGlobalSection
	GlobalSection(ProjectConfigurationPlatforms) = postSolution
		{480BC911-B8B0-4FBB-B97C-CCF9242AE065}.Debug|Any CPU.ActiveCfg = Debug|Any CPU
		{480BC911-B8B0-4FBB-B97C-CCF9242AE065}.Debug|Any CPU.Build.0 = Debug|Any CPU
		{480BC911-B8B0-4FBB-B97C-CCF9242AE065}.Release|Any CPU.ActiveCfg = Release|Any CPU
		{480BC911-B8B0-4FBB-B97C-CCF9242AE065}.Release|Any CPU.Build.0 = Release|Any CPU
	EndGlobalSection
	GlobalSection(SolutionProperties) = preSolution
		HideSolutionNode = FALSE
	EndGlobalSection
	GlobalSection(ExtensibilityGlobals) = postSolution
		SolutionGuid = {06AE1C2D-D303-4E86-96FE-37668F4CC458}
	EndGlobalSection
EndGlobal
